<?xml version="1.0" encoding="utf-8"?>
<Project ToolsVersion="4.0" xmlns="http://schemas.microsoft.com/developer/msbuild/2003">
  <ItemGroup>
    <Filter Include="Source Files">
      <UniqueIdentifier>{4FC737F1-C7A5-4376-A066-2A32D752A2FF}</UniqueIdentifier>
      <Extensions>cpp;c;cc;cxx;c++;cppm;ixx;def;odl;idl;hpj;bat;asm;asmx</Extensions>
    </Filter>
    <Filter Include="Header Files">
      <UniqueIdentifier>{93995380-89BD-4b04-88EB-625FBE52EBFB}</UniqueIdentifier>
      <Extensions>h;hh;hpp;hxx;h++;hm;inl;inc;ipp;xsd</Extensions>
    </Filter>
    <Filter Include="Resource Files">
      <UniqueIdentifier>{67DA6AB6-F800-4c08-8B7A-83BB121AAD01}</UniqueIdentifier>
      <Extensions>rc;ico;cur;bmp;dlg;rc2;rct;bin;rgs;gif;jpg;jpeg;jpe;resx;tiff;tif;png;wav;mfcribbon-ms</Extensions>
    </Filter>
    <Filter Include="Header Files\table">
      <UniqueIdentifier>{6b8b1fe6-1703-4da9-bb31-cd475f16d07d}</UniqueIdentifier>
    </Filter>
    <Filter Include="Header Files\util">
      <UniqueIdentifier>{0dd32cab-f39e-4e55-8989-4e0663ffda6c}</UniqueIdentifier>
    </Filter>
    <Filter Include="Source Files\util">
      <UniqueIdentifier>{40f7c38f-cbca-4ac5-96a6-62be67aed211}</UniqueIdentifier>
    </Filter>
    <Filter Include="Header Files\poco">
      <UniqueIdentifier>{d3749106-2efd-4545-a4d5-aac189764b3c}</UniqueIdentifier>
    </Filter>
    <Filter Include="Source Files\table">
      <UniqueIdentifier>{9f8d2134-66cc-43fe-b002-49868a856546}</UniqueIdentifier>
    </Filter>
  </ItemGroup>
  <ItemGroup>
    <ClInclude Include="version.h">
      <Filter>Header Files</Filter>
    </ClInclude>
    <ClInclude Include="api.h">
      <Filter>Header Files</Filter>
    </ClInclude>
    <ClInclude Include="datastore.h">
      <Filter>Header Files</Filter>
    </ClInclude>
    <ClInclude Include="forward_type.h">
      <Filter>Header Files</Filter>
    </ClInclude>
    <ClInclude Include="string_util.h">
      <Filter>Header Files\util</Filter>
    </ClInclude>
    <ClInclude Include="column.h">
      <Filter>Header Files\table</Filter>
    </ClInclude>
    <ClInclude Include="column_builder.h">
      <Filter>Header Files\table</Filter>
    </ClInclude>
    <ClInclude Include="column_iterator.h">
      <Filter>Header Files\table</Filter>
    </ClInclude>
    <ClInclude Include="column_numeric.h">
      <Filter>Header Files\table</Filter>
    </ClInclude>
    <ClInclude Include="column_primitive.h">
      <Filter>Header Files\table</Filter>
    </ClInclude>
    <ClInclude Include="datatable.h">
      <Filter>Header Files\table</Filter>
    </ClInclude>
    <ClInclude Include="poco.h">
      <Filter>Header Files\poco</Filter>
    </ClInclude>
    <ClInclude Include="visitor.h">
      <Filter>Header Files\table</Filter>
    </ClInclude>
    <ClInclude Include="interval.h">
      <Filter>Header Files</Filter>
    </ClInclude>
    <ClInclude Include="array2d.h">
      <Filter>Header Files</Filter>
    </ClInclude>
    <ClInclude Include="country.h">
      <Filter>Header Files\poco</Filter>
    </ClInclude>
    <ClInclude Include="population_item.h">
      <Filter>Header Files\poco</Filter>
    </ClInclude>
    <ClInclude Include="univariate_summary.h">
      <Filter>Header Files\util</Filter>
    </ClInclude>
    <ClInclude Include="scoped_timer.h">
      <Filter>Header Files\util</Filter>
    </ClInclude>
    <ClInclude Include="disease.h">
      <Filter>Header Files\poco</Filter>
    </ClInclude>
  </ItemGroup>
  <ItemGroup>
    <ClCompile Include="version.cpp">
      <Filter>Source Files</Filter>
    </ClCompile>
    <ClCompile Include="string_util.cpp">
      <Filter>Source Files\util</Filter>
    </ClCompile>
    <ClCompile Include="datatable.cpp">
      <Filter>Source Files\table</Filter>
    </ClCompile>
    <ClCompile Include="interval.cpp">
      <Filter>Source Files</Filter>
    </ClCompile>
    <ClCompile Include="univariate_summary.cpp">
      <Filter>Source Files\util</Filter>
    </ClCompile>
  </ItemGroup>
  <ItemGroup>
    <None Include="datatable.cd">
      <Filter>Header Files\table</Filter>
    </None>
  </ItemGroup>
</Project>