<?xml version="1.0" encoding="utf-8"?>
<Project ToolsVersion="4.0" xmlns="http://schemas.microsoft.com/developer/msbuild/2003">
  <ItemGroup>
    <Filter Include="Source Files">
      <UniqueIdentifier>{4FC737F1-C7A5-4376-A066-2A32D752A2FF}</UniqueIdentifier>
      <Extensions>cpp;c;cc;cxx;c++;cppm;ixx;def;odl;idl;hpj;bat;asm;asmx</Extensions>
    </Filter>
    <Filter Include="Header Files">
      <UniqueIdentifier>{93995380-89BD-4b04-88EB-625FBE52EBFB}</UniqueIdentifier>
      <Extensions>h;hh;hpp;hxx;h++;hm;inl;inc;ipp;xsd</Extensions>
    </Filter>
    <Filter Include="Resource Files">
      <UniqueIdentifier>{67DA6AB6-F800-4c08-8B7A-83BB121AAD01}</UniqueIdentifier>
      <Extensions>rc;ico;cur;bmp;dlg;rc2;rct;bin;rgs;gif;jpg;jpeg;jpe;resx;tiff;tif;png;wav;mfcribbon-ms</Extensions>
    </Filter>
    <Filter Include="Header Files\modules">
      <UniqueIdentifier>{9873397f-2cc1-4515-8594-b487e37f1686}</UniqueIdentifier>
    </Filter>
    <Filter Include="Source Files\modules">
      <UniqueIdentifier>{450128e5-6c28-4e46-b3f4-35d34a808a88}</UniqueIdentifier>
    </Filter>
    <Filter Include="Header Files\data">
      <UniqueIdentifier>{f6d27817-3e89-4b26-98ba-d0750a835d0e}</UniqueIdentifier>
    </Filter>
    <Filter Include="Source Files\data">
      <UniqueIdentifier>{639d67b8-adc7-4178-bd9a-7761baa92f3c}</UniqueIdentifier>
    </Filter>
    <Filter Include="Source Files\util">
      <UniqueIdentifier>{700fcdec-c700-4de0-8f5c-4424d86cec3f}</UniqueIdentifier>
    </Filter>
    <Filter Include="Header Files\util">
      <UniqueIdentifier>{17cb0c4c-bb90-4578-ac07-564d38590841}</UniqueIdentifier>
    </Filter>
    <Filter Include="Header Files\models">
      <UniqueIdentifier>{575b2588-ccce-4c00-88fa-1bcf50f8fe6b}</UniqueIdentifier>
    </Filter>
    <Filter Include="Source Files\models">
      <UniqueIdentifier>{3daa05b8-d92a-47a2-b7ea-b5930a691b6d}</UniqueIdentifier>
    </Filter>
    <Filter Include="Header Files\events">
      <UniqueIdentifier>{66678ac5-1f87-421f-82f4-82ecc25becf3}</UniqueIdentifier>
    </Filter>
    <Filter Include="Source Files\events">
      <UniqueIdentifier>{91cfc951-d0b6-4347-a4d9-a727487e6ecd}</UniqueIdentifier>
    </Filter>
    <Filter Include="Header Files\scenarios">
      <UniqueIdentifier>{ea09dcf5-86b7-4e78-b45b-14fb9cac1aae}</UniqueIdentifier>
    </Filter>
    <Filter Include="Source Files\scenarios">
      <UniqueIdentifier>{afdbb6cb-1c79-4fa7-8440-1743c1f1a7a0}</UniqueIdentifier>
    </Filter>
  </ItemGroup>
  <ItemGroup>
    <ClInclude Include="interfaces.h">
      <Filter>Header Files</Filter>
    </ClInclude>
    <ClInclude Include="mtrandom.h">
      <Filter>Header Files</Filter>
    </ClInclude>
    <ClInclude Include="api.h">
      <Filter>Header Files</Filter>
    </ClInclude>
    <ClInclude Include="healthgps.h">
      <Filter>Header Files</Filter>
    </ClInclude>
    <ClInclude Include="modelrunner.h">
      <Filter>Header Files</Filter>
    </ClInclude>
    <ClInclude Include="countrymodule.h">
      <Filter>Header Files\modules</Filter>
    </ClInclude>
    <ClInclude Include="simulation.h">
      <Filter>Header Files</Filter>
    </ClInclude>
    <ClInclude Include="modelinput.h">
      <Filter>Header Files</Filter>
    </ClInclude>
    <ClInclude Include="settings.h">
      <Filter>Header Files\data</Filter>
    </ClInclude>
    <ClInclude Include="ses.h">
      <Filter>Header Files\modules</Filter>
    </ClInclude>
    <ClInclude Include="demographic.h">
      <Filter>Header Files\modules</Filter>
    </ClInclude>
    <ClInclude Include="runtime_context.h">
      <Filter>Header Files\data</Filter>
    </ClInclude>
    <ClInclude Include="population.h">
      <Filter>Header Files\data</Filter>
    </ClInclude>
    <ClInclude Include="person.h">
      <Filter>Header Files\data</Filter>
    </ClInclude>
    <ClInclude Include="univariate_visitor.h">
      <Filter>Header Files\util</Filter>
    </ClInclude>
    <ClInclude Include="riskfactor.h">
      <Filter>Header Files\modules</Filter>
    </ClInclude>
    <ClInclude Include="mapping.h">
      <Filter>Header Files\data</Filter>
    </ClInclude>
    <ClInclude Include="disease.h">
      <Filter>Header Files\modules</Filter>
    </ClInclude>
    <ClInclude Include="default_disease_model.h">
      <Filter>Header Files\models</Filter>
    </ClInclude>
    <ClInclude Include="hierarchical_model.h">
      <Filter>Header Files\models</Filter>
    </ClInclude>
    <ClInclude Include="disease_table.h">
      <Filter>Header Files\data</Filter>
    </ClInclude>
    <ClInclude Include="disease_registry.h">
      <Filter>Header Files\models</Filter>
    </ClInclude>
    <ClInclude Include="simulation_module.h">
      <Filter>Header Files\modules</Filter>
    </ClInclude>
    <ClInclude Include="relative_risk.h">
      <Filter>Header Files\data</Filter>
    </ClInclude>
    <ClInclude Include="monotonic_vector.h">
      <Filter>Header Files\data</Filter>
    </ClInclude>
    <ClInclude Include="converter.h">
      <Filter>Header Files\util</Filter>
    </ClInclude>
    <ClInclude Include="gender_table.h">
      <Filter>Header Files\data</Filter>
    </ClInclude>
    <ClInclude Include="disease_definition.h">
      <Filter>Header Files\data</Filter>
    </ClInclude>
    <ClInclude Include="analysis_module.h">
      <Filter>Header Files\modules</Filter>
    </ClInclude>
    <ClInclude Include="analysis_definition.h">
      <Filter>Header Files\data</Filter>
    </ClInclude>
    <ClInclude Include="life_table.h">
      <Filter>Header Files\data</Filter>
    </ClInclude>
    <ClInclude Include="event_aggregator.h">
      <Filter>Header Files\events</Filter>
    </ClInclude>
    <ClInclude Include="event_message.h">
      <Filter>Header Files\events</Filter>
    </ClInclude>
    <ClInclude Include="event_bus.h">
      <Filter>Header Files\events</Filter>
    </ClInclude>
    <ClInclude Include="event_subscriber.h">
      <Filter>Header Files\events</Filter>
    </ClInclude>
    <ClInclude Include="info_message.h">
      <Filter>Header Files\events</Filter>
    </ClInclude>
    <ClInclude Include="runner_message.h">
      <Filter>Header Files\events</Filter>
    </ClInclude>
    <ClInclude Include="modulefactory.h">
      <Filter>Header Files</Filter>
    </ClInclude>
    <ClInclude Include="result_message.h">
      <Filter>Header Files\events</Filter>
    </ClInclude>
    <ClInclude Include="model_result.h">
      <Filter>Header Files\data</Filter>
    </ClInclude>
    <ClInclude Include="error_message.h">
      <Filter>Header Files\events</Filter>
    </ClInclude>
    <ClInclude Include="two_step_value.h">
      <Filter>Header Files\data</Filter>
    </ClInclude>
    <ClInclude Include="hierarchical_model_static.h">
      <Filter>Header Files\models</Filter>
    </ClInclude>
    <ClInclude Include="hierarchical_model_dynamic.h">
      <Filter>Header Files\models</Filter>
    </ClInclude>
    <ClInclude Include="hierarchical_model_types.h">
      <Filter>Header Files\models</Filter>
    </ClInclude>
    <ClInclude Include="threadsafe_queue.h">
      <Filter>Header Files\data</Filter>
    </ClInclude>
    <ClInclude Include="event_visitor.h">
      <Filter>Header Files\events</Filter>
    </ClInclude>
    <ClInclude Include="gender_value.h">
      <Filter>Header Files\data</Filter>
    </ClInclude>
    <ClInclude Include="map2d.h">
      <Filter>Header Files\data</Filter>
    </ClInclude>
    <ClInclude Include="runtime_metric.h">
      <Filter>Header Files\data</Filter>
    </ClInclude>
    <ClInclude Include="scenario.h">
      <Filter>Header Files\scenarios</Filter>
    </ClInclude>
    <ClInclude Include="channel.h">
      <Filter>Header Files\data</Filter>
    </ClInclude>
    <ClInclude Include="sync_message.h">
      <Filter>Header Files\scenarios</Filter>
    </ClInclude>
    <ClInclude Include="policy_scenario.h">
      <Filter>Header Files\scenarios</Filter>
    </ClInclude>
    <ClInclude Include="baseline_scenario.h">
      <Filter>Header Files\scenarios</Filter>
    </ClInclude>
    <ClInclude Include="Intervention_scenario.h">
      <Filter>Header Files\scenarios</Filter>
    </ClInclude>
    <ClInclude Include="simulation_definition.h">
      <Filter>Header Files</Filter>
    </ClInclude>
    <ClInclude Include="randombit_generator.h">
      <Filter>Header Files</Filter>
    </ClInclude>
    <ClInclude Include="finally.h">
      <Filter>Header Files\util</Filter>
    </ClInclude>
    <ClInclude Include="repository.h">
      <Filter>Header Files</Filter>
    </ClInclude>
    <ClInclude Include="hierarchical_model_registry.h">
      <Filter>Header Files\models</Filter>
    </ClInclude>
    <ClInclude Include="baseline_sync_message.h">
      <Filter>Header Files\scenarios</Filter>
    </ClInclude>
  </ItemGroup>
  <ItemGroup>
    <ClCompile Include="mtrandom.cpp">
      <Filter>Source Files</Filter>
    </ClCompile>
    <ClCompile Include="healthgps.cpp">
      <Filter>Source Files</Filter>
    </ClCompile>
    <ClCompile Include="modelrunner.cpp">
      <Filter>Source Files</Filter>
    </ClCompile>
    <ClCompile Include="modelinput.cpp">
      <Filter>Source Files</Filter>
    </ClCompile>
    <ClCompile Include="settings.cpp">
      <Filter>Source Files\data</Filter>
    </ClCompile>
    <ClCompile Include="ses.cpp">
      <Filter>Source Files\modules</Filter>
    </ClCompile>
    <ClCompile Include="demographic.cpp">
      <Filter>Source Files\modules</Filter>
    </ClCompile>
    <ClCompile Include="runtime_context.cpp">
      <Filter>Source Files\data</Filter>
    </ClCompile>
    <ClCompile Include="population.cpp">
      <Filter>Source Files\data</Filter>
    </ClCompile>
    <ClCompile Include="person.cpp">
      <Filter>Source Files\data</Filter>
    </ClCompile>
    <ClCompile Include="univariate_visitor.cpp">
      <Filter>Source Files\util</Filter>
    </ClCompile>
    <ClCompile Include="riskfactor.cpp">
      <Filter>Source Files\modules</Filter>
    </ClCompile>
    <ClCompile Include="modulefactory.cpp">
      <Filter>Source Files</Filter>
    </ClCompile>
    <ClCompile Include="mapping.cpp">
      <Filter>Source Files\data</Filter>
    </ClCompile>
    <ClCompile Include="disease.cpp">
      <Filter>Source Files\modules</Filter>
    </ClCompile>
    <ClCompile Include="default_disease_model.cpp">
      <Filter>Source Files\models</Filter>
    </ClCompile>
    <ClCompile Include="disease_table.cpp">
      <Filter>Source Files\data</Filter>
    </ClCompile>
    <ClCompile Include="relative_risk.cpp">
      <Filter>Source Files\data</Filter>
    </ClCompile>
    <ClCompile Include="converter.cpp">
      <Filter>Source Files\util</Filter>
    </ClCompile>
    <ClCompile Include="analysis_module.cpp">
      <Filter>Source Files\modules</Filter>
    </ClCompile>
    <ClCompile Include="life_table.cpp">
      <Filter>Source Files\data</Filter>
    </ClCompile>
    <ClCompile Include="event_bus.cpp">
      <Filter>Source Files\events</Filter>
    </ClCompile>
    <ClCompile Include="event_subscriber.cpp">
      <Filter>Source Files\events</Filter>
    </ClCompile>
    <ClCompile Include="info_message.cpp">
      <Filter>Source Files\events</Filter>
    </ClCompile>
    <ClCompile Include="runner_message.cpp">
      <Filter>Source Files\events</Filter>
    </ClCompile>
    <ClCompile Include="result_message.cpp">
      <Filter>Source Files\events</Filter>
    </ClCompile>
    <ClCompile Include="model_result.cpp">
      <Filter>Source Files\data</Filter>
    </ClCompile>
    <ClCompile Include="error_message.cpp">
      <Filter>Source Files\events</Filter>
    </ClCompile>
    <ClCompile Include="hierarchical_model_static.cpp">
      <Filter>Source Files\models</Filter>
    </ClCompile>
    <ClCompile Include="hierarchical_model_dynamic.cpp">
      <Filter>Source Files\models</Filter>
    </ClCompile>
    <ClCompile Include="runtime_metric.cpp">
      <Filter>Source Files\data</Filter>
    </ClCompile>
    <ClCompile Include="baseline_scenario.cpp">
      <Filter>Source Files\scenarios</Filter>
    </ClCompile>
    <ClCompile Include="Intervention_scenario.cpp">
      <Filter>Source Files\scenarios</Filter>
    </ClCompile>
    <ClCompile Include="repository.cpp">
      <Filter>Source Files</Filter>
    </ClCompile>
  </ItemGroup>
  <ItemGroup>
    <None Include="scenarios.cd">
      <Filter>Header Files\scenarios</Filter>
    </None>
  </ItemGroup>
</Project>