
Microsoft Visual Studio Solution File, Format Version 12.00
# Visual Studio Version 16
VisualStudioVersion = 16.0.31205.134
MinimumVisualStudioVersion = 10.0.40219.1
Project("{2150E333-8FDC-42A3-9474-1A3956D46DE8}") = "Solution Items", "Solution Items", "{1B1FECE1-A4B6-461D-982D-514E35857A71}"
	ProjectSection(SolutionItems) = preProject
		.gitignore = .gitignore
		vcpkg.json = vcpkg.json
	EndProjectSection
EndProject
Project("{8BC9CEB8-8B4A-11D0-8D11-00A0C91BC942}") = "HealthGPS.Console", "HealthGPS.Console\HealthGPS.Console.vcxproj", "{775CCE1D-5801-4180-8A99-AAF927E2E5FE}"
EndProject
Global
	GlobalSection(SolutionConfigurationPlatforms) = preSolution
		Debug|x64 = Debug|x64
		Debug|x86 = Debug|x86
		Release|x64 = Release|x64
		Release|x86 = Release|x86
	EndGlobalSection
	GlobalSection(ProjectConfigurationPlatforms) = postSolution
		{775CCE1D-5801-4180-8A99-AAF927E2E5FE}.Debug|x64.ActiveCfg = Debug|x64
		{775CCE1D-5801-4180-8A99-AAF927E2E5FE}.Debug|x64.Build.0 = Debug|x64
		{775CCE1D-5801-4180-8A99-AAF927E2E5FE}.Debug|x86.ActiveCfg = Debug|x64
		{775CCE1D-5801-4180-8A99-AAF927E2E5FE}.Release|x64.ActiveCfg = Debug|x64
		{775CCE1D-5801-4180-8A99-AAF927E2E5FE}.Release|x64.Build.0 = Debug|x64
		{775CCE1D-5801-4180-8A99-AAF927E2E5FE}.Release|x86.ActiveCfg = Release|x64
	EndGlobalSection
	GlobalSection(SolutionProperties) = preSolution
		HideSolutionNode = FALSE
	EndGlobalSection
	GlobalSection(ExtensibilityGlobals) = postSolution
		SolutionGuid = {60C1B40B-40AB-4043-ADD8-832BDAED6B83}
	EndGlobalSection
EndGlobal
